<?xml version="1.0" encoding="utf-8"?>
<Project ToolsVersion="4.0" xmlns="http://schemas.microsoft.com/developer/msbuild/2003">
  <ItemGroup>
    <Filter Include="CMUgraphicsLib">
      <UniqueIdentifier>{d62d2dd8-8fb6-4154-85b7-a754abb41c94}</UniqueIdentifier>
    </Filter>
    <Filter Include="CMUgraphicsLib\JPEG">
      <UniqueIdentifier>{de58a37c-a112-406b-a7f7-1a6d14693e86}</UniqueIdentifier>
    </Filter>
  </ItemGroup>
  <ItemGroup>
    <ClCompile Include="CMUgraphicsLib\jpeg\jcomapi.c">
      <Filter>CMUgraphicsLib\JPEG</Filter>
    </ClCompile>
    <ClCompile Include="CMUgraphicsLib\jpeg\jcparam.c">
      <Filter>CMUgraphicsLib\JPEG</Filter>
    </ClCompile>
    <ClCompile Include="CMUgraphicsLib\jpeg\jdapimin.c">
      <Filter>CMUgraphicsLib\JPEG</Filter>
    </ClCompile>
    <ClCompile Include="CMUgraphicsLib\jpeg\jdapistd.c">
      <Filter>CMUgraphicsLib\JPEG</Filter>
    </ClCompile>
    <ClCompile Include="CMUgraphicsLib\jpeg\jdatasrc.c">
      <Filter>CMUgraphicsLib\JPEG</Filter>
    </ClCompile>
    <ClCompile Include="CMUgraphicsLib\jpeg\jdcoefct.c">
      <Filter>CMUgraphicsLib\JPEG</Filter>
    </ClCompile>
    <ClCompile Include="CMUgraphicsLib\jpeg\jdcolor.c">
      <Filter>CMUgraphicsLib\JPEG</Filter>
    </ClCompile>
    <ClCompile Include="CMUgraphicsLib\jpeg\jddctmgr.c">
      <Filter>CMUgraphicsLib\JPEG</Filter>
    </ClCompile>
    <ClCompile Include="CMUgraphicsLib\jpeg\jdhuff.c">
      <Filter>CMUgraphicsLib\JPEG</Filter>
    </ClCompile>
    <ClCompile Include="CMUgraphicsLib\jpeg\jdinput.c">
      <Filter>CMUgraphicsLib\JPEG</Filter>
    </ClCompile>
    <ClCompile Include="CMUgraphicsLib\jpeg\jdmainct.c">
      <Filter>CMUgraphicsLib\JPEG</Filter>
    </ClCompile>
    <ClCompile Include="CMUgraphicsLib\jpeg\jdmarker.c">
      <Filter>CMUgraphicsLib\JPEG</Filter>
    </ClCompile>
    <ClCompile Include="CMUgraphicsLib\jpeg\jdmaster.c">
      <Filter>CMUgraphicsLib\JPEG</Filter>
    </ClCompile>
    <ClCompile Include="CMUgraphicsLib\jpeg\jdmerge.c">
      <Filter>CMUgraphicsLib\JPEG</Filter>
    </ClCompile>
    <ClCompile Include="CMUgraphicsLib\jpeg\jdphuff.c">
      <Filter>CMUgraphicsLib\JPEG</Filter>
    </ClCompile>
    <ClCompile Include="CMUgraphicsLib\jpeg\jdpostct.c">
      <Filter>CMUgraphicsLib\JPEG</Filter>
    </ClCompile>
    <ClCompile Include="CMUgraphicsLib\jpeg\jdsample.c">
      <Filter>CMUgraphicsLib\JPEG</Filter>
    </ClCompile>
    <ClCompile Include="CMUgraphicsLib\jpeg\jdtrans.c">
      <Filter>CMUgraphicsLib\JPEG</Filter>
    </ClCompile>
    <ClCompile Include="CMUgraphicsLib\jpeg\jerror.c">
      <Filter>CMUgraphicsLib\JPEG</Filter>
    </ClCompile>
    <ClCompile Include="CMUgraphicsLib\jpeg\jidctflt.c">
      <Filter>CMUgraphicsLib\JPEG</Filter>
    </ClCompile>
    <ClCompile Include="CMUgraphicsLib\jpeg\jidctfst.c">
      <Filter>CMUgraphicsLib\JPEG</Filter>
    </ClCompile>
    <ClCompile Include="CMUgraphicsLib\jpeg\jidctint.c">
      <Filter>CMUgraphicsLib\JPEG</Filter>
    </ClCompile>
    <ClCompile Include="CMUgraphicsLib\jpeg\jidctred.c">
      <Filter>CMUgraphicsLib\JPEG</Filter>
    </ClCompile>
    <ClCompile Include="CMUgraphicsLib\jpeg\jmemmgr.c">
      <Filter>CMUgraphicsLib\JPEG</Filter>
    </ClCompile>
    <ClCompile Include="CMUgraphicsLib\jpeg\jmemnobs.c">
      <Filter>CMUgraphicsLib\JPEG</Filter>
    </ClCompile>
    <ClCompile Include="CMUgraphicsLib\jpeg\jquant1.c">
      <Filter>CMUgraphicsLib\JPEG</Filter>
    </ClCompile>
    <ClCompile Include="CMUgraphicsLib\jpeg\jquant2.c">
      <Filter>CMUgraphicsLib\JPEG</Filter>
    </ClCompile>
    <ClCompile Include="CMUgraphicsLib\jpeg\jutils.c">
      <Filter>CMUgraphicsLib\JPEG</Filter>
    </ClCompile>
    <ClCompile Include="CMUgraphicsLib\auxil.cpp">
      <Filter>CMUgraphicsLib</Filter>
    </ClCompile>
    <ClCompile Include="CMUgraphicsLib\CMUgraphics.cpp">
      <Filter>CMUgraphicsLib</Filter>
    </ClCompile>
    <ClCompile Include="CMUgraphicsLib\image.cpp">
      <Filter>CMUgraphicsLib</Filter>
    </ClCompile>
    <ClCompile Include="CMUgraphicsLib\jpegload.c">
      <Filter>CMUgraphicsLib</Filter>
    </ClCompile>
    <ClCompile Include="CMUgraphicsLib\keyqueue.cpp">
      <Filter>CMUgraphicsLib</Filter>
    </ClCompile>
    <ClCompile Include="CMUgraphicsLib\mousequeue.cpp">
      <Filter>CMUgraphicsLib</Filter>
    </ClCompile>
    <ClCompile Include="CMUgraphicsLib\windowinput.cpp">
      <Filter>CMUgraphicsLib</Filter>
    </ClCompile>
    <ClCompile Include="AND2.cpp" />
    <ClCompile Include="AND3.cpp" />
    <ClCompile Include="AND4.cpp" />
    <ClCompile Include="ApplicationManager.cpp" />
    <ClCompile Include="BUFFER.cpp" />
    <ClCompile Include="Component.cpp" />
    <ClCompile Include="Gate.cpp" />
    <ClCompile Include="Input.cpp" />
    <ClCompile Include="InputPin.cpp" />
    <ClCompile Include="LED.cpp" />
    <ClCompile Include="NAND2.cpp" />
    <ClCompile Include="NAND3.cpp" />
    <ClCompile Include="NAND4.cpp" />
    <ClCompile Include="NOR2.cpp" />
    <ClCompile Include="NOR3.cpp" />
    <ClCompile Include="NOR4.cpp" />
    <ClCompile Include="NOT.cpp" />
    <ClCompile Include="OR2.cpp" />
    <ClCompile Include="OR3.cpp" />
    <ClCompile Include="OR4.cpp" />
    <ClCompile Include="Output.cpp" />
    <ClCompile Include="OutputPin.cpp" />
    <ClCompile Include="Pin.cpp" />
    <ClCompile Include="Switch.cpp" />
    <ClCompile Include="WIRE.cpp" />
    <ClCompile Include="XNOR2.cpp" />
    <ClCompile Include="XNOR3.cpp" />
    <ClCompile Include="XNOR4.cpp" />
    <ClCompile Include="XOR2.cpp" />
    <ClCompile Include="XOR3.cpp" />
    <ClCompile Include="XOR4.cpp" />
    <ClCompile Include="Level.cpp" />
    <ClCompile Include="AutoAlignment.cpp" />
    <ClCompile Include="CreateTruthTable.cpp" />
    <ClCompile Include="ErrorDetector.cpp" />
    <ClCompile Include="Exit.cpp" />
    <ClCompile Include="Load.cpp" />
    <ClCompile Include="Save.cpp" />
    <ClCompile Include="Redo.cpp" />
    <ClCompile Include="Undo.cpp" />
    <ClCompile Include="AddANDgate.cpp" />
    <ClCompile Include="AddBuffer.cpp" />
    <ClCompile Include="AddComponent.cpp" />
    <ClCompile Include="AddLED.cpp" />
    <ClCompile Include="AddNANDgate.cpp" />
    <ClCompile Include="AddNORgate.cpp" />
    <ClCompile Include="AddNOTgate.cpp" />
    <ClCompile Include="AddORgate.cpp" />
    <ClCompile Include="AddSWITCH.cpp" />
    <ClCompile Include="AddWire.cpp" />
    <ClCompile Include="AddXNORgate.cpp" />
    <ClCompile Include="AddXORgate.cpp" />
    <ClCompile Include="ChangeLabel.cpp" />
    <ClCompile Include="Move.cpp" />
    <ClCompile Include="Truth_Table.cpp" />
    <ClCompile Include="main.cpp" />
    <ClCompile Include="SimulationMode.cpp" />
    <ClCompile Include="Remove.cpp" />
  </ItemGroup>
  <ItemGroup>
    <ClInclude Include="CMUgraphicsLib\jpeg\jconfig.h">
      <Filter>CMUgraphicsLib\JPEG</Filter>
    </ClInclude>
    <ClInclude Include="CMUgraphicsLib\jpeg\jdct.h">
      <Filter>CMUgraphicsLib\JPEG</Filter>
    </ClInclude>
    <ClInclude Include="CMUgraphicsLib\jpeg\jdhuff.h">
      <Filter>CMUgraphicsLib\JPEG</Filter>
    </ClInclude>
    <ClInclude Include="CMUgraphicsLib\jpeg\jerror.h">
      <Filter>CMUgraphicsLib\JPEG</Filter>
    </ClInclude>
    <ClInclude Include="CMUgraphicsLib\jpeg\jinclude.h">
      <Filter>CMUgraphicsLib\JPEG</Filter>
    </ClInclude>
    <ClInclude Include="CMUgraphicsLib\jpeg\jmemsys.h">
      <Filter>CMUgraphicsLib\JPEG</Filter>
    </ClInclude>
    <ClInclude Include="CMUgraphicsLib\jpeg\jmorecfg.h">
      <Filter>CMUgraphicsLib\JPEG</Filter>
    </ClInclude>
    <ClInclude Include="CMUgraphicsLib\jpeg\jpegint.h">
      <Filter>CMUgraphicsLib\JPEG</Filter>
    </ClInclude>
    <ClInclude Include="CMUgraphicsLib\jpeg\jpeglib.h">
      <Filter>CMUgraphicsLib\JPEG</Filter>
    </ClInclude>
    <ClInclude Include="CMUgraphicsLib\jpeg\jversion.h">
      <Filter>CMUgraphicsLib\JPEG</Filter>
    </ClInclude>
    <ClInclude Include="CMUgraphicsLib\auxil.h">
      <Filter>CMUgraphicsLib</Filter>
    </ClInclude>
    <ClInclude Include="CMUgraphicsLib\CMUgraphics.h">
      <Filter>CMUgraphicsLib</Filter>
    </ClInclude>
    <ClInclude Include="CMUgraphicsLib\colors.h">
      <Filter>CMUgraphicsLib</Filter>
    </ClInclude>
    <ClInclude Include="CMUgraphicsLib\error.h">
      <Filter>CMUgraphicsLib</Filter>
    </ClInclude>
    <ClInclude Include="CMUgraphicsLib\image.h">
      <Filter>CMUgraphicsLib</Filter>
    </ClInclude>
    <ClInclude Include="CMUgraphicsLib\jpegload.h">
      <Filter>CMUgraphicsLib</Filter>
    </ClInclude>
    <ClInclude Include="CMUgraphicsLib\keyqueue.h">
      <Filter>CMUgraphicsLib</Filter>
    </ClInclude>
    <ClInclude Include="CMUgraphicsLib\mousequeue.h">
      <Filter>CMUgraphicsLib</Filter>
    </ClInclude>
    <ClInclude Include="CMUgraphicsLib\version.h">
      <Filter>CMUgraphicsLib</Filter>
    </ClInclude>
    <ClInclude Include="CMUgraphicsLib\windowinput.h">
      <Filter>CMUgraphicsLib</Filter>
    </ClInclude>
    <ClInclude Include="Action.h" />
    <ClInclude Include="AND2.h" />
    <ClInclude Include="AND3.h" />
    <ClInclude Include="AND4.h" />
    <ClInclude Include="ApplicationManager.h" />
    <ClInclude Include="BUFFER.h" />
    <ClInclude Include="Component.h" />
    <ClInclude Include="Def.h" />
    <ClInclude Include="Gate.h" />
    <ClInclude Include="Includes.h" />
    <ClInclude Include="Input.h" />
    <ClInclude Include="InputPin.h" />
    <ClInclude Include="LED.h" />
    <ClInclude Include="NAND2.h" />
    <ClInclude Include="NAND3.h" />
    <ClInclude Include="NAND4.h" />
    <ClInclude Include="NOR2.h" />
    <ClInclude Include="NOR3.h" />
    <ClInclude Include="NOR4.h" />
    <ClInclude Include="NOT.h" />
    <ClInclude Include="OR2.h" />
    <ClInclude Include="OR3.h" />
    <ClInclude Include="OR4.h" />
    <ClInclude Include="Output.h" />
    <ClInclude Include="OutputPin.h" />
    <ClInclude Include="Pin.h" />
    <ClInclude Include="Switch.h" />
    <ClInclude Include="WIRE.h" />
    <ClInclude Include="XNOR2.h" />
    <ClInclude Include="XNOR3.h" />
    <ClInclude Include="XNOR4.h" />
    <ClInclude Include="XOR2.h" />
    <ClInclude Include="XOR3.h" />
    <ClInclude Include="XOR4.h" />
    <ClInclude Include="Level.h" />
    <ClInclude Include="AutoAlignment.h" />
    <ClInclude Include="CreateTruthTable.h" />
    <ClInclude Include="ErrorDetector.h" />
    <ClInclude Include="Exit.h" />
    <ClInclude Include="Load.h" />
    <ClInclude Include="Save.h" />
    <ClInclude Include="Redo.h" />
    <ClInclude Include="Undo.h" />
    <ClInclude Include="AddANDgate.h" />
    <ClInclude Include="AddBuffer.h" />
    <ClInclude Include="AddComponent.h" />
    <ClInclude Include="AddLED.h" />
    <ClInclude Include="AddNANDgate.h" />
    <ClInclude Include="AddNORgate.h" />
    <ClInclude Include="AddNOTgate.h" />
    <ClInclude Include="AddORgate.h" />
    <ClInclude Include="AddSWITCH.h" />
    <ClInclude Include="AddWire.h" />
    <ClInclude Include="AddXNORgate.h" />
    <ClInclude Include="AddXORgate.h" />
    <ClInclude Include="ChangeLabel.h" />
    <ClInclude Include="Move.h" />
    <ClInclude Include="Truth_Table.h" />
    <ClInclude Include="SimulationMode.h" />
    <ClInclude Include="Remove.h" />
  </ItemGroup>
</Project>